
Microsoft Visual Studio Solution File, Format Version 12.00
# Visual Studio Version 17
VisualStudioVersion = 17.0.31903.59
MinimumVisualStudioVersion = 10.0.40219.1
Project("{FAE04EC0-301F-11D3-BF4B-00C04F79EFBC}") = "Day1", "Day1\Day1.csproj", "{4EC9FD6F-76B6-4C02-ABBB-4041AF6EE7AC}"
EndProject
Project("{FAE04EC0-301F-11D3-BF4B-00C04F79EFBC}") = "Day10", "Day10\Day10.csproj", "{8572EE60-0001-4143-BE43-49FCD1FD5604}"
EndProject
Project("{FAE04EC0-301F-11D3-BF4B-00C04F79EFBC}") = "Day11", "Day11\Day11.csproj", "{997383D4-1323-476F-B889-D09D4A7C1154}"
EndProject
Project("{FAE04EC0-301F-11D3-BF4B-00C04F79EFBC}") = "Day12", "Day12\Day12.csproj", "{894E061B-86A9-48D5-B113-F56104E5ADBC}"
EndProject
Project("{FAE04EC0-301F-11D3-BF4B-00C04F79EFBC}") = "Day13", "Day13\Day13.csproj", "{4A269E2A-5252-412B-A9B9-AB071BBA6704}"
EndProject
Project("{FAE04EC0-301F-11D3-BF4B-00C04F79EFBC}") = "Day14", "Day14\Day14.csproj", "{1DC337C1-7148-4EC4-BA1E-F57DC171AF06}"
EndProject
Project("{FAE04EC0-301F-11D3-BF4B-00C04F79EFBC}") = "Day15", "Day15\Day15.csproj", "{88ECB94D-4978-455B-9559-BEED1429642A}"
EndProject
Project("{FAE04EC0-301F-11D3-BF4B-00C04F79EFBC}") = "Day16", "Day16\Day16.csproj", "{4A6D073D-BD90-4AD4-8464-71F4B4D21A4A}"
EndProject
Project("{FAE04EC0-301F-11D3-BF4B-00C04F79EFBC}") = "Day17", "Day17\Day17.csproj", "{44821060-FEC1-4F2E-87EF-A7CB53FA5E03}"
EndProject
Project("{FAE04EC0-301F-11D3-BF4B-00C04F79EFBC}") = "Day18", "Day18\Day18.csproj", "{F84CFD30-283D-4DE1-8FCA-ACD924C46449}"
EndProject
Project("{FAE04EC0-301F-11D3-BF4B-00C04F79EFBC}") = "Day19", "Day19\Day19.csproj", "{67C5F7D4-379C-4AD1-8A61-6AB22D84E556}"
EndProject
Project("{FAE04EC0-301F-11D3-BF4B-00C04F79EFBC}") = "Day2", "Day2\Day2.csproj", "{2EF8D05D-E90D-4ADE-A1DF-E8F19C69E643}"
EndProject
Project("{FAE04EC0-301F-11D3-BF4B-00C04F79EFBC}") = "Day20", "Day20\Day20.csproj", "{451C45AF-E945-49AD-83CD-9D9B7BEE2103}"
EndProject
Project("{FAE04EC0-301F-11D3-BF4B-00C04F79EFBC}") = "Day21", "Day21\Day21.csproj", "{55B502A7-9DFD-4ABE-B2B5-5F56CE965FE0}"
EndProject
Project("{FAE04EC0-301F-11D3-BF4B-00C04F79EFBC}") = "Day22", "Day22\Day22.csproj", "{04EA1A3D-F137-43E5-A960-7711CF32E5AF}"
EndProject
Project("{FAE04EC0-301F-11D3-BF4B-00C04F79EFBC}") = "Day23", "Day23\Day23.csproj", "{68F218A3-1B47-4E15-BE91-995855A81E25}"
EndProject
Project("{FAE04EC0-301F-11D3-BF4B-00C04F79EFBC}") = "Day24", "Day24\Day24.csproj", "{35204D39-20CD-41B3-B7F6-173C5C7273EE}"
EndProject
Project("{FAE04EC0-301F-11D3-BF4B-00C04F79EFBC}") = "Day25", "Day25\Day25.csproj", "{4EE8F929-98B4-4E8A-8D21-17F2BC9F4681}"
EndProject
Project("{FAE04EC0-301F-11D3-BF4B-00C04F79EFBC}") = "Day3", "Day3\Day3.csproj", "{5A50F518-DC87-4F29-90AF-1B5B4FCE1257}"
EndProject
Project("{FAE04EC0-301F-11D3-BF4B-00C04F79EFBC}") = "Day4", "Day4\Day4.csproj", "{0A3ECBEE-64FC-454D-938C-EA659DE8A418}"
EndProject
Project("{FAE04EC0-301F-11D3-BF4B-00C04F79EFBC}") = "Day5", "Day5\Day5.csproj", "{605815CE-DE8E-49E6-8E93-1E56BCFA1E5D}"
EndProject
Project("{FAE04EC0-301F-11D3-BF4B-00C04F79EFBC}") = "Day6", "Day6\Day6.csproj", "{535E5C42-85DE-477E-AFED-14CD86F2FE8C}"
EndProject
Project("{FAE04EC0-301F-11D3-BF4B-00C04F79EFBC}") = "Day7", "Day7\Day7.csproj", "{C0224285-D90E-469E-A11B-4BFB30A0F808}"
EndProject
Project("{FAE04EC0-301F-11D3-BF4B-00C04F79EFBC}") = "Day8", "Day8\Day8.csproj", "{90CC9592-8593-4F50-A995-A0487511F002}"
EndProject
Project("{FAE04EC0-301F-11D3-BF4B-00C04F79EFBC}") = "Day9", "Day9\Day9.csproj", "{1393EEE6-5107-4AC3-BEE3-924DC73E93A3}"
EndProject
Global
	GlobalSection(SolutionConfigurationPlatforms) = preSolution
		Debug|Any CPU = Debug|Any CPU
		Release|Any CPU = Release|Any CPU
	EndGlobalSection
	GlobalSection(SolutionProperties) = preSolution
		HideSolutionNode = FALSE
	EndGlobalSection
	GlobalSection(ProjectConfigurationPlatforms) = postSolution
		{4EC9FD6F-76B6-4C02-ABBB-4041AF6EE7AC}.Debug|Any CPU.ActiveCfg = Debug|Any CPU
		{4EC9FD6F-76B6-4C02-ABBB-4041AF6EE7AC}.Debug|Any CPU.Build.0 = Debug|Any CPU
		{4EC9FD6F-76B6-4C02-ABBB-4041AF6EE7AC}.Release|Any CPU.ActiveCfg = Release|Any CPU
		{4EC9FD6F-76B6-4C02-ABBB-4041AF6EE7AC}.Release|Any CPU.Build.0 = Release|Any CPU
		{8572EE60-0001-4143-BE43-49FCD1FD5604}.Debug|Any CPU.ActiveCfg = Debug|Any CPU
		{8572EE60-0001-4143-BE43-49FCD1FD5604}.Debug|Any CPU.Build.0 = Debug|Any CPU
		{8572EE60-0001-4143-BE43-49FCD1FD5604}.Release|Any CPU.ActiveCfg = Release|Any CPU
		{8572EE60-0001-4143-BE43-49FCD1FD5604}.Release|Any CPU.Build.0 = Release|Any CPU
		{997383D4-1323-476F-B889-D09D4A7C1154}.Debug|Any CPU.ActiveCfg = Debug|Any CPU
		{997383D4-1323-476F-B889-D09D4A7C1154}.Debug|Any CPU.Build.0 = Debug|Any CPU
		{997383D4-1323-476F-B889-D09D4A7C1154}.Release|Any CPU.ActiveCfg = Release|Any CPU
		{997383D4-1323-476F-B889-D09D4A7C1154}.Release|Any CPU.Build.0 = Release|Any CPU
		{894E061B-86A9-48D5-B113-F56104E5ADBC}.Debug|Any CPU.ActiveCfg = Debug|Any CPU
		{894E061B-86A9-48D5-B113-F56104E5ADBC}.Debug|Any CPU.Build.0 = Debug|Any CPU
		{894E061B-86A9-48D5-B113-F56104E5ADBC}.Release|Any CPU.ActiveCfg = Release|Any CPU
		{894E061B-86A9-48D5-B113-F56104E5ADBC}.Release|Any CPU.Build.0 = Release|Any CPU
		{4A269E2A-5252-412B-A9B9-AB071BBA6704}.Debug|Any CPU.ActiveCfg = Debug|Any CPU
		{4A269E2A-5252-412B-A9B9-AB071BBA6704}.Debug|Any CPU.Build.0 = Debug|Any CPU
		{4A269E2A-5252-412B-A9B9-AB071BBA6704}.Release|Any CPU.ActiveCfg = Release|Any CPU
		{4A269E2A-5252-412B-A9B9-AB071BBA6704}.Release|Any CPU.Build.0 = Release|Any CPU
		{1DC337C1-7148-4EC4-BA1E-F57DC171AF06}.Debug|Any CPU.ActiveCfg = Debug|Any CPU
		{1DC337C1-7148-4EC4-BA1E-F57DC171AF06}.Debug|Any CPU.Build.0 = Debug|Any CPU
		{1DC337C1-7148-4EC4-BA1E-F57DC171AF06}.Release|Any CPU.ActiveCfg = Release|Any CPU
		{1DC337C1-7148-4EC4-BA1E-F57DC171AF06}.Release|Any CPU.Build.0 = Release|Any CPU
		{88ECB94D-4978-455B-9559-BEED1429642A}.Debug|Any CPU.ActiveCfg = Debug|Any CPU
		{88ECB94D-4978-455B-9559-BEED1429642A}.Debug|Any CPU.Build.0 = Debug|Any CPU
		{88ECB94D-4978-455B-9559-BEED1429642A}.Release|Any CPU.ActiveCfg = Release|Any CPU
		{88ECB94D-4978-455B-9559-BEED1429642A}.Release|Any CPU.Build.0 = Release|Any CPU
		{4A6D073D-BD90-4AD4-8464-71F4B4D21A4A}.Debug|Any CPU.ActiveCfg = Debug|Any CPU
		{4A6D073D-BD90-4AD4-8464-71F4B4D21A4A}.Debug|Any CPU.Build.0 = Debug|Any CPU
		{4A6D073D-BD90-4AD4-8464-71F4B4D21A4A}.Release|Any CPU.ActiveCfg = Release|Any CPU
		{4A6D073D-BD90-4AD4-8464-71F4B4D21A4A}.Release|Any CPU.Build.0 = Release|Any CPU
		{44821060-FEC1-4F2E-87EF-A7CB53FA5E03}.Debug|Any CPU.ActiveCfg = Debug|Any CPU
		{44821060-FEC1-4F2E-87EF-A7CB53FA5E03}.Debug|Any CPU.Build.0 = Debug|Any CPU
		{44821060-FEC1-4F2E-87EF-A7CB53FA5E03}.Release|Any CPU.ActiveCfg = Release|Any CPU
		{44821060-FEC1-4F2E-87EF-A7CB53FA5E03}.Release|Any CPU.Build.0 = Release|Any CPU
		{F84CFD30-283D-4DE1-8FCA-ACD924C46449}.Debug|Any CPU.ActiveCfg = Debug|Any CPU
		{F84CFD30-283D-4DE1-8FCA-ACD924C46449}.Debug|Any CPU.Build.0 = Debug|Any CPU
		{F84CFD30-283D-4DE1-8FCA-ACD924C46449}.Release|Any CPU.ActiveCfg = Release|Any CPU
		{F84CFD30-283D-4DE1-8FCA-ACD924C46449}.Release|Any CPU.Build.0 = Release|Any CPU
		{67C5F7D4-379C-4AD1-8A61-6AB22D84E556}.Debug|Any CPU.ActiveCfg = Debug|Any CPU
		{67C5F7D4-379C-4AD1-8A61-6AB22D84E556}.Debug|Any CPU.Build.0 = Debug|Any CPU
		{67C5F7D4-379C-4AD1-8A61-6AB22D84E556}.Release|Any CPU.ActiveCfg = Release|Any CPU
		{67C5F7D4-379C-4AD1-8A61-6AB22D84E556}.Release|Any CPU.Build.0 = Release|Any CPU
		{2EF8D05D-E90D-4ADE-A1DF-E8F19C69E643}.Debug|Any CPU.ActiveCfg = Debug|Any CPU
		{2EF8D05D-E90D-4ADE-A1DF-E8F19C69E643}.Debug|Any CPU.Build.0 = Debug|Any CPU
		{2EF8D05D-E90D-4ADE-A1DF-E8F19C69E643}.Release|Any CPU.ActiveCfg = Release|Any CPU
		{2EF8D05D-E90D-4ADE-A1DF-E8F19C69E643}.Release|Any CPU.Build.0 = Release|Any CPU
		{451C45AF-E945-49AD-83CD-9D9B7BEE2103}.Debug|Any CPU.ActiveCfg = Debug|Any CPU
		{451C45AF-E945-49AD-83CD-9D9B7BEE2103}.Debug|Any CPU.Build.0 = Debug|Any CPU
		{451C45AF-E945-49AD-83CD-9D9B7BEE2103}.Release|Any CPU.ActiveCfg = Release|Any CPU
		{451C45AF-E945-49AD-83CD-9D9B7BEE2103}.Release|Any CPU.Build.0 = Release|Any CPU
		{55B502A7-9DFD-4ABE-B2B5-5F56CE965FE0}.Debug|Any CPU.ActiveCfg = Debug|Any CPU
		{55B502A7-9DFD-4ABE-B2B5-5F56CE965FE0}.Debug|Any CPU.Build.0 = Debug|Any CPU
		{55B502A7-9DFD-4ABE-B2B5-5F56CE965FE0}.Release|Any CPU.ActiveCfg = Release|Any CPU
		{55B502A7-9DFD-4ABE-B2B5-5F56CE965FE0}.Release|Any CPU.Build.0 = Release|Any CPU
		{04EA1A3D-F137-43E5-A960-7711CF32E5AF}.Debug|Any CPU.ActiveCfg = Debug|Any CPU
		{04EA1A3D-F137-43E5-A960-7711CF32E5AF}.Debug|Any CPU.Build.0 = Debug|Any CPU
		{04EA1A3D-F137-43E5-A960-7711CF32E5AF}.Release|Any CPU.ActiveCfg = Release|Any CPU
		{04EA1A3D-F137-43E5-A960-7711CF32E5AF}.Release|Any CPU.Build.0 = Release|Any CPU
		{68F218A3-1B47-4E15-BE91-995855A81E25}.Debug|Any CPU.ActiveCfg = Debug|Any CPU
		{68F218A3-1B47-4E15-BE91-995855A81E25}.Debug|Any CPU.Build.0 = Debug|Any CPU
		{68F218A3-1B47-4E15-BE91-995855A81E25}.Release|Any CPU.ActiveCfg = Release|Any CPU
		{68F218A3-1B47-4E15-BE91-995855A81E25}.Release|Any CPU.Build.0 = Release|Any CPU
		{35204D39-20CD-41B3-B7F6-173C5C7273EE}.Debug|Any CPU.ActiveCfg = Debug|Any CPU
		{35204D39-20CD-41B3-B7F6-173C5C7273EE}.Debug|Any CPU.Build.0 = Debug|Any CPU
		{35204D39-20CD-41B3-B7F6-173C5C7273EE}.Release|Any CPU.ActiveCfg = Release|Any CPU
		{35204D39-20CD-41B3-B7F6-173C5C7273EE}.Release|Any CPU.Build.0 = Release|Any CPU
		{4EE8F929-98B4-4E8A-8D21-17F2BC9F4681}.Debug|Any CPU.ActiveCfg = Debug|Any CPU
		{4EE8F929-98B4-4E8A-8D21-17F2BC9F4681}.Debug|Any CPU.Build.0 = Debug|Any CPU
		{4EE8F929-98B4-4E8A-8D21-17F2BC9F4681}.Release|Any CPU.ActiveCfg = Release|Any CPU
		{4EE8F929-98B4-4E8A-8D21-17F2BC9F4681}.Release|Any CPU.Build.0 = Release|Any CPU
		{5A50F518-DC87-4F29-90AF-1B5B4FCE1257}.Debug|Any CPU.ActiveCfg = Debug|Any CPU
		{5A50F518-DC87-4F29-90AF-1B5B4FCE1257}.Debug|Any CPU.Build.0 = Debug|Any CPU
		{5A50F518-DC87-4F29-90AF-1B5B4FCE1257}.Release|Any CPU.ActiveCfg = Release|Any CPU
		{5A50F518-DC87-4F29-90AF-1B5B4FCE1257}.Release|Any CPU.Build.0 = Release|Any CPU
		{0A3ECBEE-64FC-454D-938C-EA659DE8A418}.Debug|Any CPU.ActiveCfg = Debug|Any CPU
		{0A3ECBEE-64FC-454D-938C-EA659DE8A418}.Debug|Any CPU.Build.0 = Debug|Any CPU
		{0A3ECBEE-64FC-454D-938C-EA659DE8A418}.Release|Any CPU.ActiveCfg = Release|Any CPU
		{0A3ECBEE-64FC-454D-938C-EA659DE8A418}.Release|Any CPU.Build.0 = Release|Any CPU
		{605815CE-DE8E-49E6-8E93-1E56BCFA1E5D}.Debug|Any CPU.ActiveCfg = Debug|Any CPU
		{605815CE-DE8E-49E6-8E93-1E56BCFA1E5D}.Debug|Any CPU.Build.0 = Debug|Any CPU
		{605815CE-DE8E-49E6-8E93-1E56BCFA1E5D}.Release|Any CPU.ActiveCfg = Release|Any CPU
		{605815CE-DE8E-49E6-8E93-1E56BCFA1E5D}.Release|Any CPU.Build.0 = Release|Any CPU
		{535E5C42-85DE-477E-AFED-14CD86F2FE8C}.Debug|Any CPU.ActiveCfg = Debug|Any CPU
		{535E5C42-85DE-477E-AFED-14CD86F2FE8C}.Debug|Any CPU.Build.0 = Debug|Any CPU
		{535E5C42-85DE-477E-AFED-14CD86F2FE8C}.Release|Any CPU.ActiveCfg = Release|Any CPU
		{535E5C42-85DE-477E-AFED-14CD86F2FE8C}.Release|Any CPU.Build.0 = Release|Any CPU
		{C0224285-D90E-469E-A11B-4BFB30A0F808}.Debug|Any CPU.ActiveCfg = Debug|Any CPU
		{C0224285-D90E-469E-A11B-4BFB30A0F808}.Debug|Any CPU.Build.0 = Debug|Any CPU
		{C0224285-D90E-469E-A11B-4BFB30A0F808}.Release|Any CPU.ActiveCfg = Release|Any CPU
		{C0224285-D90E-469E-A11B-4BFB30A0F808}.Release|Any CPU.Build.0 = Release|Any CPU
		{90CC9592-8593-4F50-A995-A0487511F002}.Debug|Any CPU.ActiveCfg = Debug|Any CPU
		{90CC9592-8593-4F50-A995-A0487511F002}.Debug|Any CPU.Build.0 = Debug|Any CPU
		{90CC9592-8593-4F50-A995-A0487511F002}.Release|Any CPU.ActiveCfg = Release|Any CPU
		{90CC9592-8593-4F50-A995-A0487511F002}.Release|Any CPU.Build.0 = Release|Any CPU
		{1393EEE6-5107-4AC3-BEE3-924DC73E93A3}.Debug|Any CPU.ActiveCfg = Debug|Any CPU
		{1393EEE6-5107-4AC3-BEE3-924DC73E93A3}.Debug|Any CPU.Build.0 = Debug|Any CPU
		{1393EEE6-5107-4AC3-BEE3-924DC73E93A3}.Release|Any CPU.ActiveCfg = Release|Any CPU
		{1393EEE6-5107-4AC3-BEE3-924DC73E93A3}.Release|Any CPU.Build.0 = Release|Any CPU
	EndGlobalSection
EndGlobal
